
Microsoft Visual Studio Solution File, Format Version 12.00
# Visual Studio Version 17
VisualStudioVersion = 17.14.36908.2
MinimumVisualStudioVersion = 10.0.40219.1
Project("{FAE04EC0-301F-11D3-BF4B-00C04F79EFBC}") = "BookOrbit.Domain", "Code\BookOrbit.Domain\BookOrbit.Domain.csproj", "{104BE016-551A-4DB9-B3C9-33C7DB071A79}"
EndProject
Project("{FAE04EC0-301F-11D3-BF4B-00C04F79EFBC}") = "BookOrbit.Application", "Code\BookOrbit.Application\BookOrbit.Application.csproj", "{864AE79C-803F-4EA0-915E-DA25529BCBCA}"
EndProject
Project("{FAE04EC0-301F-11D3-BF4B-00C04F79EFBC}") = "BookOrbit.Infrastructure", "Code\BookOrbit.Infrastructure\BookOrbit.Infrastructure.csproj", "{9C6B713F-236E-4939-9F45-E67C0BB7FB2D}"
EndProject
Project("{2150E333-8FDC-42A3-9474-1A3956D46DE8}") = "Solution Items", "Solution Items", "{8EC462FD-D22E-90A8-E5CE-7E832BA40C5D}"
	ProjectSection(SolutionItems) = preProject
		Code\.dockerignore = Code\.dockerignore
		.env = .env
		.gitattributes = .gitattributes
		.gitignore = .gitignore
		Code\Directory.Build.props = Code\Directory.Build.props
		Code\Directory.Packages.props = Code\Directory.Packages.props
		Code\docker-compose.yml = Code\docker-compose.yml
		Code\docker-entrypoint.sh = Code\docker-entrypoint.sh
		Code\Dockerfile = Code\Dockerfile
		Code\prometheus.yml = Code\prometheus.yml
	EndProjectSection
EndProject
Project("{FAE04EC0-301F-11D3-BF4B-00C04F79EFBC}") = "BookOrbit.Api", "Code\BookOrbit.Api\BookOrbit.Api.csproj", "{3727F951-BC22-23C7-6F7E-0E5DD74790A7}"
EndProject
Project("{2150E333-8FDC-42A3-9474-1A3956D46DE8}") = "Code", "Code", "{02EA681E-C7D8-13C7-8484-4AC65E1B71E8}"
EndProject
Project("{2150E333-8FDC-42A3-9474-1A3956D46DE8}") = "Tests", "Tests", "{2E980F40-F988-4FBE-97F3-DAF3BE28605D}"
EndProject
Project("{FAE04EC0-301F-11D3-BF4B-00C04F79EFBC}") = "BookOrbit.Domain.UnitTests", "Tests\BookOrbit.Domain.UnitTests\BookOrbit.Domain.UnitTests.csproj", "{B49D7E61-48B4-4B36-A12D-72C5AC47999F}"
EndProject
Project("{FAE04EC0-301F-11D3-BF4B-00C04F79EFBC}") = "BookOrbit.Application.UnitTests", "BookOrbit.Application.UnitTests\BookOrbit.Application.UnitTests.csproj", "{C8D91398-D915-47A6-A139-392AA2E83556}"
EndProject
Project("{FAE04EC0-301F-11D3-BF4B-00C04F79EFBC}") = "BookOrbit.Application.SubcutaneousTests", "BookOrbit.Application.SubcutaneousTests\BookOrbit.Application.SubcutaneousTests.csproj", "{8E030156-51C9-4C79-9F9A-7FE4BF283859}"
EndProject
Global
	GlobalSection(SolutionConfigurationPlatforms) = preSolution
		Debug|Any CPU = Debug|Any CPU
		Release|Any CPU = Release|Any CPU
	EndGlobalSection
	GlobalSection(ProjectConfigurationPlatforms) = postSolution
		{104BE016-551A-4DB9-B3C9-33C7DB071A79}.Debug|Any CPU.ActiveCfg = Debug|Any CPU
		{104BE016-551A-4DB9-B3C9-33C7DB071A79}.Debug|Any CPU.Build.0 = Debug|Any CPU
		{104BE016-551A-4DB9-B3C9-33C7DB071A79}.Release|Any CPU.ActiveCfg = Release|Any CPU
		{104BE016-551A-4DB9-B3C9-33C7DB071A79}.Release|Any CPU.Build.0 = Release|Any CPU
		{864AE79C-803F-4EA0-915E-DA25529BCBCA}.Debug|Any CPU.ActiveCfg = Debug|Any CPU
		{864AE79C-803F-4EA0-915E-DA25529BCBCA}.Debug|Any CPU.Build.0 = Debug|Any CPU
		{864AE79C-803F-4EA0-915E-DA25529BCBCA}.Release|Any CPU.ActiveCfg = Release|Any CPU
		{864AE79C-803F-4EA0-915E-DA25529BCBCA}.Release|Any CPU.Build.0 = Release|Any CPU
		{9C6B713F-236E-4939-9F45-E67C0BB7FB2D}.Debug|Any CPU.ActiveCfg = Debug|Any CPU
		{9C6B713F-236E-4939-9F45-E67C0BB7FB2D}.Debug|Any CPU.Build.0 = Debug|Any CPU
		{9C6B713F-236E-4939-9F45-E67C0BB7FB2D}.Release|Any CPU.ActiveCfg = Release|Any CPU
		{9C6B713F-236E-4939-9F45-E67C0BB7FB2D}.Release|Any CPU.Build.0 = Release|Any CPU
		{3727F951-BC22-23C7-6F7E-0E5DD74790A7}.Debug|Any CPU.ActiveCfg = Debug|Any CPU
		{3727F951-BC22-23C7-6F7E-0E5DD74790A7}.Debug|Any CPU.Build.0 = Debug|Any CPU
		{3727F951-BC22-23C7-6F7E-0E5DD74790A7}.Release|Any CPU.ActiveCfg = Release|Any CPU
		{3727F951-BC22-23C7-6F7E-0E5DD74790A7}.Release|Any CPU.Build.0 = Release|Any CPU
		{B49D7E61-48B4-4B36-A12D-72C5AC47999F}.Debug|Any CPU.ActiveCfg = Debug|Any CPU
		{B49D7E61-48B4-4B36-A12D-72C5AC47999F}.Debug|Any CPU.Build.0 = Debug|Any CPU
		{B49D7E61-48B4-4B36-A12D-72C5AC47999F}.Release|Any CPU.ActiveCfg = Release|Any CPU
		{B49D7E61-48B4-4B36-A12D-72C5AC47999F}.Release|Any CPU.Build.0 = Release|Any CPU
		{C8D91398-D915-47A6-A139-392AA2E83556}.Debug|Any CPU.ActiveCfg = Debug|Any CPU
		{C8D91398-D915-47A6-A139-392AA2E83556}.Debug|Any CPU.Build.0 = Debug|Any CPU
		{C8D91398-D915-47A6-A139-392AA2E83556}.Release|Any CPU.ActiveCfg = Release|Any CPU
		{C8D91398-D915-47A6-A139-392AA2E83556}.Release|Any CPU.Build.0 = Release|Any CPU
		{8E030156-51C9-4C79-9F9A-7FE4BF283859}.Debug|Any CPU.ActiveCfg = Debug|Any CPU
		{8E030156-51C9-4C79-9F9A-7FE4BF283859}.Debug|Any CPU.Build.0 = Debug|Any CPU
		{8E030156-51C9-4C79-9F9A-7FE4BF283859}.Release|Any CPU.ActiveCfg = Release|Any CPU
		{8E030156-51C9-4C79-9F9A-7FE4BF283859}.Release|Any CPU.Build.0 = Release|Any CPU
	EndGlobalSection
	GlobalSection(SolutionProperties) = preSolution
		HideSolutionNode = FALSE
	EndGlobalSection
	GlobalSection(NestedProjects) = preSolution
		{104BE016-551A-4DB9-B3C9-33C7DB071A79} = {02EA681E-C7D8-13C7-8484-4AC65E1B71E8}
		{864AE79C-803F-4EA0-915E-DA25529BCBCA} = {02EA681E-C7D8-13C7-8484-4AC65E1B71E8}
		{9C6B713F-236E-4939-9F45-E67C0BB7FB2D} = {02EA681E-C7D8-13C7-8484-4AC65E1B71E8}
		{3727F951-BC22-23C7-6F7E-0E5DD74790A7} = {02EA681E-C7D8-13C7-8484-4AC65E1B71E8}
		{B49D7E61-48B4-4B36-A12D-72C5AC47999F} = {2E980F40-F988-4FBE-97F3-DAF3BE28605D}
		{C8D91398-D915-47A6-A139-392AA2E83556} = {2E980F40-F988-4FBE-97F3-DAF3BE28605D}
		{8E030156-51C9-4C79-9F9A-7FE4BF283859} = {2E980F40-F988-4FBE-97F3-DAF3BE28605D}
	EndGlobalSection
	GlobalSection(ExtensibilityGlobals) = postSolution
		SolutionGuid = {4A2294DF-C566-4A67-8093-ED2EC2DF4C48}
	EndGlobalSection
EndGlobal
